{
  "name": "ttrentsou-localization-package",
  "version": "1.0.0",
  "lockfileVersion": 3,
  "requires": true,
  "packages": {
    "": {
      "name": "ttrentsou-localization-package",
      "version": "1.0.0",
      "license": "MIT",
      "dependencies": {
        "ttrentsou-errorlogger": "^1.0.5"
      }
    },
    "node_modules/ttrentsou-data-visualization-package": {
      "version": "1.0.1",
      "resolved": "https://registry.npmjs.org/ttrentsou-data-visualization-package/-/ttrentsou-data-visualization-package-1.0.1.tgz",
      "integrity": "sha512-/2vT/yg723Y/VlKtgr2GgnNQW5nTnPIipJZ2peiZua7qzSItg0nZixIvYBvqpJYqLMnFAN3rszsuRe12K/bPbA==",
      "dependencies": {
        "ttrentsou-errorlogger": "^1.0.2"
      }
    },
    "node_modules/ttrentsou-errorlogger": {
      "version": "1.0.5",
      "resolved": "https://registry.npmjs.org/ttrentsou-errorlogger/-/ttrentsou-errorlogger-1.0.5.tgz",
      "integrity": "sha512-Hk1qxn0plw072AmkAEue8DGUwehG+bQtYANOE8ECrEMLY/so+0rxhsdyPholULZetRPXiudc7lYxdUPAOk3pDQ==",
      "dependencies": {
        "ttrentsou-data-visualization-package": "^1.0.1",
        "ttrentsou-job-scheduling": "^1.0.1",
        "ttrentsou-task-queue": "^1.0.0"
      }
    },
    "node_modules/ttrentsou-job-scheduling": {
      "version": "1.0.1",
      "resolved": "https://registry.npmjs.org/ttrentsou-job-scheduling/-/ttrentsou-job-scheduling-1.0.1.tgz",
      "integrity": "sha512-WT0z6zpfHUDM5YlF31/oIFD3ilONuBkqZUMj0qYrceMfVrTd+n0Sbtiv+/AvGB/nnxfXP08suWyFOtVy3AAAhA==",
      "dependencies": {
        "ttrentsou-errorlogger": "^1.0.3"
      }
    },
    "node_modules/ttrentsou-task-queue": {
      "version": "1.0.2",
      "resolved": "https://registry.npmjs.org/ttrentsou-task-queue/-/ttrentsou-task-queue-1.0.2.tgz",
      "integrity": "sha512-iUzwXuljAzUL4wOfE5oQfm/qrNIPOSWkPSWkyR3FL0jxOkOLY15fJCa62J3Q+8+OD9D83Qp8ldFm0JAQnqpo6Q==",
      "dependencies": {
        "ttrentsou-errorlogger": "^1.0.1"
      }
    }
  }
}
